// !$*UTF8*$!
{
	archiveVersion = 1;
	classes = {
	};
	objectVersion = 56;
	objects = {

/* Begin PBXBuildFile section */
		4BE49AAA2923F1DA00F61C01 /* Rawgar_SwiftUIApp.swift in Sources */ = {isa = PBXBuildFile; fileRef = 4BE49AA92923F1DA00F61C01 /* Rawgar_SwiftUIApp.swift */; };
		4BE49AAC2923F1DA00F61C01 /* ContentView.swift in Sources */ = {isa = PBXBuildFile; fileRef = 4BE49AAB2923F1DA00F61C01 /* ContentView.swift */; };
		4BE49AAE2923F1DC00F61C01 /* Assets.xcassets in Resources */ = {isa = PBXBuildFile; fileRef = 4BE49AAD2923F1DC00F61C01 /* Assets.xcassets */; };
		4BE49AB12923F1DC00F61C01 /* Preview Assets.xcassets in Resources */ = {isa = PBXBuildFile; fileRef = 4BE49AB02923F1DC00F61C01 /* Preview Assets.xcassets */; };
		4BE49AB82923F23500F61C01 /* GameRow.swift in Sources */ = {isa = PBXBuildFile; fileRef = 4BE49AB72923F23500F61C01 /* GameRow.swift */; };
		4BE49ABB2923F2D900F61C01 /* Alamofire in Frameworks */ = {isa = PBXBuildFile; productRef = 4BE49ABA2923F2D900F61C01 /* Alamofire */; };
		4BE49ABE2923F35B00F61C01 /* Realm in Frameworks */ = {isa = PBXBuildFile; productRef = 4BE49ABD2923F35B00F61C01 /* Realm */; };
		4BE49AC02923F35B00F61C01 /* RealmSwift in Frameworks */ = {isa = PBXBuildFile; productRef = 4BE49ABF2923F35B00F61C01 /* RealmSwift */; };
		4BE49AC32923F3DB00F61C01 /* SDWebImageSwiftUI in Frameworks */ = {isa = PBXBuildFile; productRef = 4BE49AC22923F3DB00F61C01 /* SDWebImageSwiftUI */; };
		4BE49AC52923FC3E00F61C01 /* Color+Extension.swift in Sources */ = {isa = PBXBuildFile; fileRef = 4BE49AC42923FC3E00F61C01 /* Color+Extension.swift */; };
		4BE49AC929248CD900F61C01 /* HomeView.swift in Sources */ = {isa = PBXBuildFile; fileRef = 4BE49AC829248CD900F61C01 /* HomeView.swift */; };
		4BE49ACB29248CEC00F61C01 /* FavoriteView.swift in Sources */ = {isa = PBXBuildFile; fileRef = 4BE49ACA29248CEC00F61C01 /* FavoriteView.swift */; };
		4BE49ACD29248CF700F61C01 /* AboutView.swift in Sources */ = {isa = PBXBuildFile; fileRef = 4BE49ACC29248CF700F61C01 /* AboutView.swift */; };
		4BE49ACF29248E5700F61C01 /* HomePresenter.swift in Sources */ = {isa = PBXBuildFile; fileRef = 4BE49ACE29248E5700F61C01 /* HomePresenter.swift */; };
		4BE49AD32924937E00F61C01 /* Theme.swift in Sources */ = {isa = PBXBuildFile; fileRef = 4BE49AD22924937E00F61C01 /* Theme.swift */; };
		4BE49AE52924C65300F61C01 /* GameModel.swift in Sources */ = {isa = PBXBuildFile; fileRef = 4BE49AE42924C65300F61C01 /* GameModel.swift */; };
		4BE49AE82924C70100F61C01 /* GameEntity.swift in Sources */ = {isa = PBXBuildFile; fileRef = 4BE49AE72924C70100F61C01 /* GameEntity.swift */; };
		4BE49AEA2924E76200F61C01 /* LocalDataSource.swift in Sources */ = {isa = PBXBuildFile; fileRef = 4BE49AE92924E76200F61C01 /* LocalDataSource.swift */; };
		4BE49AEC2924E86C00F61C01 /* CustomError.swift in Sources */ = {isa = PBXBuildFile; fileRef = 4BE49AEB2924E86C00F61C01 /* CustomError.swift */; };
		4BE49AEE2924E8A500F61C01 /* RealmResults+Ext.swift in Sources */ = {isa = PBXBuildFile; fileRef = 4BE49AED2924E8A500F61C01 /* RealmResults+Ext.swift */; };
		4BE49AF32924E9E800F61C01 /* GamesResponse.swift in Sources */ = {isa = PBXBuildFile; fileRef = 4BE49AF22924E9E800F61C01 /* GamesResponse.swift */; };
		4BE49AF52924EC8000F61C01 /* RemoteDataSource.swift in Sources */ = {isa = PBXBuildFile; fileRef = 4BE49AF42924EC8000F61C01 /* RemoteDataSource.swift */; };
		4BE49AF72924ED5000F61C01 /* APIConfig.swift in Sources */ = {isa = PBXBuildFile; fileRef = 4BE49AF62924ED5000F61C01 /* APIConfig.swift */; };
		4BE49AF92924F05900F61C01 /* HomeRepository.swift in Sources */ = {isa = PBXBuildFile; fileRef = 4BE49AF82924F05900F61C01 /* HomeRepository.swift */; };
		4BE49AFB2924F61100F61C01 /* GamesMapper.swift in Sources */ = {isa = PBXBuildFile; fileRef = 4BE49AFA2924F61100F61C01 /* GamesMapper.swift */; };
		4BE49AFD29254AAF00F61C01 /* HomeUseCase.swift in Sources */ = {isa = PBXBuildFile; fileRef = 4BE49AFC29254AAF00F61C01 /* HomeUseCase.swift */; };
		4BE49AFF29254AFE00F61C01 /* Injection.swift in Sources */ = {isa = PBXBuildFile; fileRef = 4BE49AFE29254AFE00F61C01 /* Injection.swift */; };
		4BE49B0529254C8400F61C01 /* HomeRouter.swift in Sources */ = {isa = PBXBuildFile; fileRef = 4BE49B0429254C8400F61C01 /* HomeRouter.swift */; };
		4BE49B0D292654AE00F61C01 /* DetailGameView.swift in Sources */ = {isa = PBXBuildFile; fileRef = 4BE49B0C292654AE00F61C01 /* DetailGameView.swift */; };
		4BE49B0F29268B3300F61C01 /* TitleBodyLabel.swift in Sources */ = {isa = PBXBuildFile; fileRef = 4BE49B0E29268B3300F61C01 /* TitleBodyLabel.swift */; };
		4BE49B1129268F2D00F61C01 /* RatingProgressView.swift in Sources */ = {isa = PBXBuildFile; fileRef = 4BE49B1029268F2D00F61C01 /* RatingProgressView.swift */; };
		4BE49B13292734BA00F61C01 /* DetailGamePresenter.swift in Sources */ = {isa = PBXBuildFile; fileRef = 4BE49B12292734BA00F61C01 /* DetailGamePresenter.swift */; };
		4BE49B152927A07600F61C01 /* DetailUseCase.swift in Sources */ = {isa = PBXBuildFile; fileRef = 4BE49B142927A07600F61C01 /* DetailUseCase.swift */; };
		4BE49B172927A1DD00F61C01 /* DetailGameRepository.swift in Sources */ = {isa = PBXBuildFile; fileRef = 4BE49B162927A1DD00F61C01 /* DetailGameRepository.swift */; };
		4BE49B1D292A1C8600F61C01 /* FavoriteGameView.swift in Sources */ = {isa = PBXBuildFile; fileRef = 4BE49B1C292A1C8600F61C01 /* FavoriteGameView.swift */; };
		4BE49B1F292A1E1600F61C01 /* FavoritePresenter.swift in Sources */ = {isa = PBXBuildFile; fileRef = 4BE49B1E292A1E1600F61C01 /* FavoritePresenter.swift */; };
		4BE49B21292A1E9C00F61C01 /* FavoriteRepository.swift in Sources */ = {isa = PBXBuildFile; fileRef = 4BE49B20292A1E9C00F61C01 /* FavoriteRepository.swift */; };
		4BE49B24292A20A000F61C01 /* FavoriteUseCase.swift in Sources */ = {isa = PBXBuildFile; fileRef = 4BE49B23292A20A000F61C01 /* FavoriteUseCase.swift */; };
		4BE49B26292C91CE00F61C01 /* DetailGameVw.swift in Sources */ = {isa = PBXBuildFile; fileRef = 4BE49B25292C91CE00F61C01 /* DetailGameVw.swift */; };
		4BE49B2A292C957B00F61C01 /* ActivityIndicator.swift in Sources */ = {isa = PBXBuildFile; fileRef = 4BE49B29292C957B00F61C01 /* ActivityIndicator.swift */; };
		4BE49B2C292C96AD00F61C01 /* EmptyView.swift in Sources */ = {isa = PBXBuildFile; fileRef = 4BE49B2B292C96AD00F61C01 /* EmptyView.swift */; };
/* End PBXBuildFile section */

/* Begin PBXFileReference section */
		4BE49AA62923F1DA00F61C01 /* Rawgar-SwiftUI.app */ = {isa = PBXFileReference; explicitFileType = wrapper.application; includeInIndex = 0; path = "Rawgar-SwiftUI.app"; sourceTree = BUILT_PRODUCTS_DIR; };
		4BE49AA92923F1DA00F61C01 /* Rawgar_SwiftUIApp.swift */ = {isa = PBXFileReference; lastKnownFileType = sourcecode.swift; path = Rawgar_SwiftUIApp.swift; sourceTree = "<group>"; };
		4BE49AAB2923F1DA00F61C01 /* ContentView.swift */ = {isa = PBXFileReference; lastKnownFileType = sourcecode.swift; path = ContentView.swift; sourceTree = "<group>"; };
		4BE49AAD2923F1DC00F61C01 /* Assets.xcassets */ = {isa = PBXFileReference; lastKnownFileType = folder.assetcatalog; path = Assets.xcassets; sourceTree = "<group>"; };
		4BE49AB02923F1DC00F61C01 /* Preview Assets.xcassets */ = {isa = PBXFileReference; lastKnownFileType = folder.assetcatalog; path = "Preview Assets.xcassets"; sourceTree = "<group>"; };
		4BE49AB72923F23500F61C01 /* GameRow.swift */ = {isa = PBXFileReference; lastKnownFileType = sourcecode.swift; path = GameRow.swift; sourceTree = "<group>"; };
		4BE49AC42923FC3E00F61C01 /* Color+Extension.swift */ = {isa = PBXFileReference; lastKnownFileType = sourcecode.swift; path = "Color+Extension.swift"; sourceTree = "<group>"; };
		4BE49AC829248CD900F61C01 /* HomeView.swift */ = {isa = PBXFileReference; lastKnownFileType = sourcecode.swift; path = HomeView.swift; sourceTree = "<group>"; };
		4BE49ACA29248CEC00F61C01 /* FavoriteView.swift */ = {isa = PBXFileReference; lastKnownFileType = sourcecode.swift; path = FavoriteView.swift; sourceTree = "<group>"; };
		4BE49ACC29248CF700F61C01 /* AboutView.swift */ = {isa = PBXFileReference; lastKnownFileType = sourcecode.swift; path = AboutView.swift; sourceTree = "<group>"; };
		4BE49ACE29248E5700F61C01 /* HomePresenter.swift */ = {isa = PBXFileReference; lastKnownFileType = sourcecode.swift; path = HomePresenter.swift; sourceTree = "<group>"; };
		4BE49AD22924937E00F61C01 /* Theme.swift */ = {isa = PBXFileReference; lastKnownFileType = sourcecode.swift; path = Theme.swift; sourceTree = "<group>"; };
		4BE49AE42924C65300F61C01 /* GameModel.swift */ = {isa = PBXFileReference; lastKnownFileType = sourcecode.swift; path = GameModel.swift; sourceTree = "<group>"; };
		4BE49AE72924C70100F61C01 /* GameEntity.swift */ = {isa = PBXFileReference; lastKnownFileType = sourcecode.swift; path = GameEntity.swift; sourceTree = "<group>"; };
		4BE49AE92924E76200F61C01 /* LocalDataSource.swift */ = {isa = PBXFileReference; lastKnownFileType = sourcecode.swift; path = LocalDataSource.swift; sourceTree = "<group>"; };
		4BE49AEB2924E86C00F61C01 /* CustomError.swift */ = {isa = PBXFileReference; lastKnownFileType = sourcecode.swift; path = CustomError.swift; sourceTree = "<group>"; };
		4BE49AED2924E8A500F61C01 /* RealmResults+Ext.swift */ = {isa = PBXFileReference; lastKnownFileType = sourcecode.swift; path = "RealmResults+Ext.swift"; sourceTree = "<group>"; };
		4BE49AF22924E9E800F61C01 /* GamesResponse.swift */ = {isa = PBXFileReference; lastKnownFileType = sourcecode.swift; path = GamesResponse.swift; sourceTree = "<group>"; };
		4BE49AF42924EC8000F61C01 /* RemoteDataSource.swift */ = {isa = PBXFileReference; lastKnownFileType = sourcecode.swift; path = RemoteDataSource.swift; sourceTree = "<group>"; };
		4BE49AF62924ED5000F61C01 /* APIConfig.swift */ = {isa = PBXFileReference; lastKnownFileType = sourcecode.swift; path = APIConfig.swift; sourceTree = "<group>"; };
		4BE49AF82924F05900F61C01 /* HomeRepository.swift */ = {isa = PBXFileReference; lastKnownFileType = sourcecode.swift; path = HomeRepository.swift; sourceTree = "<group>"; };
		4BE49AFA2924F61100F61C01 /* GamesMapper.swift */ = {isa = PBXFileReference; lastKnownFileType = sourcecode.swift; path = GamesMapper.swift; sourceTree = "<group>"; };
		4BE49AFC29254AAF00F61C01 /* HomeUseCase.swift */ = {isa = PBXFileReference; lastKnownFileType = sourcecode.swift; path = HomeUseCase.swift; sourceTree = "<group>"; };
		4BE49AFE29254AFE00F61C01 /* Injection.swift */ = {isa = PBXFileReference; lastKnownFileType = sourcecode.swift; path = Injection.swift; sourceTree = "<group>"; };
		4BE49B0429254C8400F61C01 /* HomeRouter.swift */ = {isa = PBXFileReference; lastKnownFileType = sourcecode.swift; path = HomeRouter.swift; sourceTree = "<group>"; };
		4BE49B0829255B3300F61C01 /* Info.plist */ = {isa = PBXFileReference; lastKnownFileType = text.plist.xml; path = Info.plist; sourceTree = "<group>"; };
		4BE49B0C292654AE00F61C01 /* DetailGameView.swift */ = {isa = PBXFileReference; lastKnownFileType = sourcecode.swift; path = DetailGameView.swift; sourceTree = "<group>"; };
		4BE49B0E29268B3300F61C01 /* TitleBodyLabel.swift */ = {isa = PBXFileReference; lastKnownFileType = sourcecode.swift; path = TitleBodyLabel.swift; sourceTree = "<group>"; };
		4BE49B1029268F2D00F61C01 /* RatingProgressView.swift */ = {isa = PBXFileReference; lastKnownFileType = sourcecode.swift; path = RatingProgressView.swift; sourceTree = "<group>"; };
		4BE49B12292734BA00F61C01 /* DetailGamePresenter.swift */ = {isa = PBXFileReference; lastKnownFileType = sourcecode.swift; path = DetailGamePresenter.swift; sourceTree = "<group>"; };
		4BE49B142927A07600F61C01 /* DetailUseCase.swift */ = {isa = PBXFileReference; lastKnownFileType = sourcecode.swift; path = DetailUseCase.swift; sourceTree = "<group>"; };
		4BE49B162927A1DD00F61C01 /* DetailGameRepository.swift */ = {isa = PBXFileReference; lastKnownFileType = sourcecode.swift; path = DetailGameRepository.swift; sourceTree = "<group>"; };
		4BE49B1C292A1C8600F61C01 /* FavoriteGameView.swift */ = {isa = PBXFileReference; lastKnownFileType = sourcecode.swift; path = FavoriteGameView.swift; sourceTree = "<group>"; };
		4BE49B1E292A1E1600F61C01 /* FavoritePresenter.swift */ = {isa = PBXFileReference; lastKnownFileType = sourcecode.swift; path = FavoritePresenter.swift; sourceTree = "<group>"; };
		4BE49B20292A1E9C00F61C01 /* FavoriteRepository.swift */ = {isa = PBXFileReference; lastKnownFileType = sourcecode.swift; path = FavoriteRepository.swift; sourceTree = "<group>"; };
		4BE49B23292A20A000F61C01 /* FavoriteUseCase.swift */ = {isa = PBXFileReference; lastKnownFileType = sourcecode.swift; path = FavoriteUseCase.swift; sourceTree = "<group>"; };
		4BE49B25292C91CE00F61C01 /* DetailGameVw.swift */ = {isa = PBXFileReference; lastKnownFileType = sourcecode.swift; path = DetailGameVw.swift; sourceTree = "<group>"; };
		4BE49B29292C957B00F61C01 /* ActivityIndicator.swift */ = {isa = PBXFileReference; lastKnownFileType = sourcecode.swift; path = ActivityIndicator.swift; sourceTree = "<group>"; };
		4BE49B2B292C96AD00F61C01 /* EmptyView.swift */ = {isa = PBXFileReference; lastKnownFileType = sourcecode.swift; path = EmptyView.swift; sourceTree = "<group>"; };
/* End PBXFileReference section */

/* Begin PBXFrameworksBuildPhase section */
		4BE49AA32923F1DA00F61C01 /* Frameworks */ = {
			isa = PBXFrameworksBuildPhase;
			buildActionMask = 2147483647;
			files = (
				4BE49AC32923F3DB00F61C01 /* SDWebImageSwiftUI in Frameworks */,
				4BE49AC02923F35B00F61C01 /* RealmSwift in Frameworks */,
				4BE49ABE2923F35B00F61C01 /* Realm in Frameworks */,
				4BE49ABB2923F2D900F61C01 /* Alamofire in Frameworks */,
			);
			runOnlyForDeploymentPostprocessing = 0;
		};
/* End PBXFrameworksBuildPhase section */

/* Begin PBXGroup section */
		4BE49A9D2923F1DA00F61C01 = {
			isa = PBXGroup;
			children = (
				4BE49AA82923F1DA00F61C01 /* Rawgar-SwiftUI */,
				4BE49AA72923F1DA00F61C01 /* Products */,
			);
			sourceTree = "<group>";
		};
		4BE49AA72923F1DA00F61C01 /* Products */ = {
			isa = PBXGroup;
			children = (
				4BE49AA62923F1DA00F61C01 /* Rawgar-SwiftUI.app */,
			);
			name = Products;
			sourceTree = "<group>";
		};
		4BE49AA82923F1DA00F61C01 /* Rawgar-SwiftUI */ = {
			isa = PBXGroup;
			children = (
				4BE49AD42924C06700F61C01 /* App */,
				4BE49AD52924C07C00F61C01 /* Core */,
				4BE49AD62924C08600F61C01 /* Modul */,
				4BE49AD72924C0D600F61C01 /* Supporting Files */,
				4BE49AAF2923F1DC00F61C01 /* Preview Content */,
			);
			path = "Rawgar-SwiftUI";
			sourceTree = "<group>";
		};
		4BE49AAF2923F1DC00F61C01 /* Preview Content */ = {
			isa = PBXGroup;
			children = (
				4BE49AB02923F1DC00F61C01 /* Preview Assets.xcassets */,
			);
			path = "Preview Content";
			sourceTree = "<group>";
		};
		4BE49AD42924C06700F61C01 /* App */ = {
			isa = PBXGroup;
			children = (
				4BE49AA92923F1DA00F61C01 /* Rawgar_SwiftUIApp.swift */,
				4BE49AAB2923F1DA00F61C01 /* ContentView.swift */,
				4BE49AD22924937E00F61C01 /* Theme.swift */,
			);
			path = App;
			sourceTree = "<group>";
		};
		4BE49AD52924C07C00F61C01 /* Core */ = {
			isa = PBXGroup;
			children = (
				4BE49ADB2924C22E00F61C01 /* Data */,
				4BE49ADA2924C22800F61C01 /* DI */,
				4BE49AD92924C21C00F61C01 /* Domain */,
				4BE49AD82924C21000F61C01 /* Utils */,
			);
			path = Core;
			sourceTree = "<group>";
		};
		4BE49AD62924C08600F61C01 /* Modul */ = {
			isa = PBXGroup;
			children = (
				4BE49B27292C939E00F61C01 /* Profile */,
				4BE49B18292A1C2C00F61C01 /* Favorites */,
				4BE49B0029254C5700F61C01 /* Home */,
				4BE49B092926545700F61C01 /* Detail */,
			);
			path = Modul;
			sourceTree = "<group>";
		};
		4BE49AD72924C0D600F61C01 /* Supporting Files */ = {
			isa = PBXGroup;
			children = (
				4BE49B0829255B3300F61C01 /* Info.plist */,
				4BE49AAD2923F1DC00F61C01 /* Assets.xcassets */,
			);
			path = "Supporting Files";
			sourceTree = "<group>";
		};
		4BE49AD82924C21000F61C01 /* Utils */ = {
			isa = PBXGroup;
			children = (
				4BE49AE32924C60400F61C01 /* Network */,
				4BE49AE22924C5FA00F61C01 /* Mapper */,
				4BE49AE12924C5F000F61C01 /* Extensions */,
				4BE49AE02924C5E900F61C01 /* Views */,
			);
			path = Utils;
			sourceTree = "<group>";
		};
		4BE49AD92924C21C00F61C01 /* Domain */ = {
			isa = PBXGroup;
			children = (
				4BE49ADF2924C5D000F61C01 /* Model */,
				4BE49ADE2924C5C600F61C01 /* Usecase */,
			);
			path = Domain;
			sourceTree = "<group>";
		};
		4BE49ADA2924C22800F61C01 /* DI */ = {
			isa = PBXGroup;
			children = (
				4BE49AFE29254AFE00F61C01 /* Injection.swift */,
			);
			path = DI;
			sourceTree = "<group>";
		};
		4BE49ADB2924C22E00F61C01 /* Data */ = {
			isa = PBXGroup;
			children = (
				4BE49B22292A208300F61C01 /* Repository */,
				4BE49ADD2924C5AA00F61C01 /* Local */,
				4BE49ADC2924C5A100F61C01 /* Remote */,
			);
			path = Data;
			sourceTree = "<group>";
		};
		4BE49ADC2924C5A100F61C01 /* Remote */ = {
			isa = PBXGroup;
			children = (
				4BE49AF12924E96300F61C01 /* Response */,
				4BE49AF42924EC8000F61C01 /* RemoteDataSource.swift */,
			);
			path = Remote;
			sourceTree = "<group>";
		};
		4BE49ADD2924C5AA00F61C01 /* Local */ = {
			isa = PBXGroup;
			children = (
				4BE49AE62924C6C200F61C01 /* Entity */,
				4BE49AE92924E76200F61C01 /* LocalDataSource.swift */,
			);
			path = Local;
			sourceTree = "<group>";
		};
		4BE49ADE2924C5C600F61C01 /* Usecase */ = {
			isa = PBXGroup;
			children = (
				4BE49AFC29254AAF00F61C01 /* HomeUseCase.swift */,
				4BE49B142927A07600F61C01 /* DetailUseCase.swift */,
				4BE49B23292A20A000F61C01 /* FavoriteUseCase.swift */,
			);
			path = Usecase;
			sourceTree = "<group>";
		};
		4BE49ADF2924C5D000F61C01 /* Model */ = {
			isa = PBXGroup;
			children = (
				4BE49AE42924C65300F61C01 /* GameModel.swift */,
			);
			path = Model;
			sourceTree = "<group>";
		};
		4BE49AE02924C5E900F61C01 /* Views */ = {
			isa = PBXGroup;
			children = (
				4BE49B29292C957B00F61C01 /* ActivityIndicator.swift */,
			);
			path = Views;
			sourceTree = "<group>";
		};
		4BE49AE12924C5F000F61C01 /* Extensions */ = {
			isa = PBXGroup;
			children = (
				4BE49AC42923FC3E00F61C01 /* Color+Extension.swift */,
				4BE49AEB2924E86C00F61C01 /* CustomError.swift */,
				4BE49AED2924E8A500F61C01 /* RealmResults+Ext.swift */,
			);
			path = Extensions;
			sourceTree = "<group>";
		};
		4BE49AE22924C5FA00F61C01 /* Mapper */ = {
			isa = PBXGroup;
			children = (
				4BE49AFA2924F61100F61C01 /* GamesMapper.swift */,
			);
			path = Mapper;
			sourceTree = "<group>";
		};
		4BE49AE32924C60400F61C01 /* Network */ = {
			isa = PBXGroup;
			children = (
				4BE49AF62924ED5000F61C01 /* APIConfig.swift */,
			);
			path = Network;
			sourceTree = "<group>";
		};
		4BE49AE62924C6C200F61C01 /* Entity */ = {
			isa = PBXGroup;
			children = (
				4BE49AE72924C70100F61C01 /* GameEntity.swift */,
			);
			path = Entity;
			sourceTree = "<group>";
		};
		4BE49AF12924E96300F61C01 /* Response */ = {
			isa = PBXGroup;
			children = (
				4BE49AF22924E9E800F61C01 /* GamesResponse.swift */,
			);
			path = Response;
			sourceTree = "<group>";
		};
		4BE49B0029254C5700F61C01 /* Home */ = {
			isa = PBXGroup;
			children = (
				4BE49B0329254C7200F61C01 /* Presenter */,
				4BE49B0229254C6C00F61C01 /* View */,
				4BE49B0129254C6500F61C01 /* Router */,
			);
			path = Home;
			sourceTree = "<group>";
		};
		4BE49B0129254C6500F61C01 /* Router */ = {
			isa = PBXGroup;
			children = (
				4BE49B0429254C8400F61C01 /* HomeRouter.swift */,
			);
			path = Router;
			sourceTree = "<group>";
		};
		4BE49B0229254C6C00F61C01 /* View */ = {
			isa = PBXGroup;
			children = (
				4BE49AC829248CD900F61C01 /* HomeView.swift */,
				4BE49AB72923F23500F61C01 /* GameRow.swift */,
			);
			path = View;
			sourceTree = "<group>";
		};
		4BE49B0329254C7200F61C01 /* Presenter */ = {
			isa = PBXGroup;
			children = (
				4BE49ACE29248E5700F61C01 /* HomePresenter.swift */,
			);
			path = Presenter;
			sourceTree = "<group>";
		};
		4BE49B092926545700F61C01 /* Detail */ = {
			isa = PBXGroup;
			children = (
				4BE49B0B2926548E00F61C01 /* Presenter */,
				4BE49B0A2926548500F61C01 /* View */,
			);
			path = Detail;
			sourceTree = "<group>";
		};
		4BE49B0A2926548500F61C01 /* View */ = {
			isa = PBXGroup;
			children = (
				4BE49B0C292654AE00F61C01 /* DetailGameView.swift */,
				4BE49B25292C91CE00F61C01 /* DetailGameVw.swift */,
				4BE49B0E29268B3300F61C01 /* TitleBodyLabel.swift */,
				4BE49B1029268F2D00F61C01 /* RatingProgressView.swift */,
			);
			path = View;
			sourceTree = "<group>";
		};
		4BE49B0B2926548E00F61C01 /* Presenter */ = {
			isa = PBXGroup;
			children = (
				4BE49B12292734BA00F61C01 /* DetailGamePresenter.swift */,
			);
			path = Presenter;
			sourceTree = "<group>";
		};
		4BE49B18292A1C2C00F61C01 /* Favorites */ = {
			isa = PBXGroup;
			children = (
				4BE49B19292A1C4400F61C01 /* Presenter */,
				4BE49B1A292A1C5500F61C01 /* View */,
				4BE49B1B292A1C5D00F61C01 /* Router */,
			);
			path = Favorites;
			sourceTree = "<group>";
		};
		4BE49B19292A1C4400F61C01 /* Presenter */ = {
			isa = PBXGroup;
			children = (
				4BE49B1E292A1E1600F61C01 /* FavoritePresenter.swift */,
			);
			path = Presenter;
			sourceTree = "<group>";
		};
		4BE49B1A292A1C5500F61C01 /* View */ = {
			isa = PBXGroup;
			children = (
				4BE49ACA29248CEC00F61C01 /* FavoriteView.swift */,
				4BE49B2B292C96AD00F61C01 /* EmptyView.swift */,
				4BE49B1C292A1C8600F61C01 /* FavoriteGameView.swift */,
			);
			path = View;
			sourceTree = "<group>";
		};
		4BE49B1B292A1C5D00F61C01 /* Router */ = {
			isa = PBXGroup;
			children = (
			);
			path = Router;
			sourceTree = "<group>";
		};
		4BE49B22292A208300F61C01 /* Repository */ = {
			isa = PBXGroup;
			children = (
				4BE49AF82924F05900F61C01 /* HomeRepository.swift */,
				4BE49B20292A1E9C00F61C01 /* FavoriteRepository.swift */,
				4BE49B162927A1DD00F61C01 /* DetailGameRepository.swift */,
			);
			path = Repository;
			sourceTree = "<group>";
		};
		4BE49B27292C939E00F61C01 /* Profile */ = {
			isa = PBXGroup;
			children = (
				4BE49B28292C93A900F61C01 /* View */,
			);
			path = Profile;
			sourceTree = "<group>";
		};
		4BE49B28292C93A900F61C01 /* View */ = {
			isa = PBXGroup;
			children = (
				4BE49ACC29248CF700F61C01 /* AboutView.swift */,
			);
			path = View;
			sourceTree = "<group>";
		};
/* End PBXGroup section */

/* Begin PBXNativeTarget section */
		4BE49AA52923F1DA00F61C01 /* Rawgar-SwiftUI */ = {
			isa = PBXNativeTarget;
			buildConfigurationList = 4BE49AB42923F1DC00F61C01 /* Build configuration list for PBXNativeTarget "Rawgar-SwiftUI" */;
			buildPhases = (
				4BE49AA22923F1DA00F61C01 /* Sources */,
				4BE49AA32923F1DA00F61C01 /* Frameworks */,
				4BE49AA42923F1DA00F61C01 /* Resources */,
			);
			buildRules = (
			);
			dependencies = (
			);
			name = "Rawgar-SwiftUI";
			packageProductDependencies = (
				4BE49ABA2923F2D900F61C01 /* Alamofire */,
				4BE49ABD2923F35B00F61C01 /* Realm */,
				4BE49ABF2923F35B00F61C01 /* RealmSwift */,
				4BE49AC22923F3DB00F61C01 /* SDWebImageSwiftUI */,
			);
			productName = "Rawgar-SwiftUI";
			productReference = 4BE49AA62923F1DA00F61C01 /* Rawgar-SwiftUI.app */;
			productType = "com.apple.product-type.application";
		};
/* End PBXNativeTarget section */

/* Begin PBXProject section */
		4BE49A9E2923F1DA00F61C01 /* Project object */ = {
			isa = PBXProject;
			attributes = {
				BuildIndependentTargetsInParallel = 1;
				LastSwiftUpdateCheck = 1410;
				LastUpgradeCheck = 1410;
				TargetAttributes = {
					4BE49AA52923F1DA00F61C01 = {
						CreatedOnToolsVersion = 14.1;
					};
				};
			};
			buildConfigurationList = 4BE49AA12923F1DA00F61C01 /* Build configuration list for PBXProject "Rawgar-SwiftUI" */;
			compatibilityVersion = "Xcode 14.0";
			developmentRegion = en;
			hasScannedForEncodings = 0;
			knownRegions = (
				en,
				Base,
			);
			mainGroup = 4BE49A9D2923F1DA00F61C01;
			packageReferences = (
				4BE49AB92923F2D900F61C01 /* XCRemoteSwiftPackageReference "Alamofire" */,
				4BE49ABC2923F35B00F61C01 /* XCRemoteSwiftPackageReference "realm-cocoa" */,
				4BE49AC12923F3DB00F61C01 /* XCRemoteSwiftPackageReference "SDWebImageSwiftUI" */,
			);
			productRefGroup = 4BE49AA72923F1DA00F61C01 /* Products */;
			projectDirPath = "";
			projectRoot = "";
			targets = (
				4BE49AA52923F1DA00F61C01 /* Rawgar-SwiftUI */,
			);
		};
/* End PBXProject section */

/* Begin PBXResourcesBuildPhase section */
		4BE49AA42923F1DA00F61C01 /* Resources */ = {
			isa = PBXResourcesBuildPhase;
			buildActionMask = 2147483647;
			files = (
				4BE49AB12923F1DC00F61C01 /* Preview Assets.xcassets in Resources */,
				4BE49AAE2923F1DC00F61C01 /* Assets.xcassets in Resources */,
			);
			runOnlyForDeploymentPostprocessing = 0;
		};
/* End PBXResourcesBuildPhase section */

/* Begin PBXSourcesBuildPhase section */
		4BE49AA22923F1DA00F61C01 /* Sources */ = {
			isa = PBXSourcesBuildPhase;
			buildActionMask = 2147483647;
			files = (
				4BE49ACD29248CF700F61C01 /* AboutView.swift in Sources */,
				4BE49AAC2923F1DA00F61C01 /* ContentView.swift in Sources */,
				4BE49B0529254C8400F61C01 /* HomeRouter.swift in Sources */,
				4BE49AAA2923F1DA00F61C01 /* Rawgar_SwiftUIApp.swift in Sources */,
				4BE49ACB29248CEC00F61C01 /* FavoriteView.swift in Sources */,
				4BE49B26292C91CE00F61C01 /* DetailGameVw.swift in Sources */,
				4BE49AB82923F23500F61C01 /* GameRow.swift in Sources */,
				4BE49B21292A1E9C00F61C01 /* FavoriteRepository.swift in Sources */,
				4BE49AF32924E9E800F61C01 /* GamesResponse.swift in Sources */,
				4BE49AC929248CD900F61C01 /* HomeView.swift in Sources */,
				4BE49ACF29248E5700F61C01 /* HomePresenter.swift in Sources */,
				4BE49AEC2924E86C00F61C01 /* CustomError.swift in Sources */,
				4BE49AD32924937E00F61C01 /* Theme.swift in Sources */,
				4BE49B172927A1DD00F61C01 /* DetailGameRepository.swift in Sources */,
				4BE49B1F292A1E1600F61C01 /* FavoritePresenter.swift in Sources */,
				4BE49AFB2924F61100F61C01 /* GamesMapper.swift in Sources */,
				4BE49B2A292C957B00F61C01 /* ActivityIndicator.swift in Sources */,
				4BE49B1D292A1C8600F61C01 /* FavoriteGameView.swift in Sources */,
				4BE49AF52924EC8000F61C01 /* RemoteDataSource.swift in Sources */,
				4BE49AFF29254AFE00F61C01 /* Injection.swift in Sources */,
				4BE49B0D292654AE00F61C01 /* DetailGameView.swift in Sources */,
				4BE49AEA2924E76200F61C01 /* LocalDataSource.swift in Sources */,
				4BE49AC52923FC3E00F61C01 /* Color+Extension.swift in Sources */,
				4BE49B152927A07600F61C01 /* DetailUseCase.swift in Sources */,
				4BE49AFD29254AAF00F61C01 /* HomeUseCase.swift in Sources */,
				4BE49B13292734BA00F61C01 /* DetailGamePresenter.swift in Sources */,
				4BE49B2C292C96AD00F61C01 /* EmptyView.swift in Sources */,
				4BE49B0F29268B3300F61C01 /* TitleBodyLabel.swift in Sources */,
				4BE49B24292A20A000F61C01 /* FavoriteUseCase.swift in Sources */,
				4BE49AF92924F05900F61C01 /* HomeRepository.swift in Sources */,
				4BE49AF72924ED5000F61C01 /* APIConfig.swift in Sources */,
				4BE49B1129268F2D00F61C01 /* RatingProgressView.swift in Sources */,
				4BE49AE82924C70100F61C01 /* GameEntity.swift in Sources */,
				4BE49AEE2924E8A500F61C01 /* RealmResults+Ext.swift in Sources */,
				4BE49AE52924C65300F61C01 /* GameModel.swift in Sources */,
			);
			runOnlyForDeploymentPostprocessing = 0;
		};
/* End PBXSourcesBuildPhase section */

/* Begin XCBuildConfiguration section */
		4BE49AB22923F1DC00F61C01 /* Debug */ = {
			isa = XCBuildConfiguration;
			buildSettings = {
				ALWAYS_SEARCH_USER_PATHS = NO;
				CLANG_ANALYZER_NONNULL = YES;
				CLANG_ANALYZER_NUMBER_OBJECT_CONVERSION = YES_AGGRESSIVE;
				CLANG_CXX_LANGUAGE_STANDARD = "gnu++20";
				CLANG_ENABLE_MODULES = YES;
				CLANG_ENABLE_OBJC_ARC = YES;
				CLANG_ENABLE_OBJC_WEAK = YES;
				CLANG_WARN_BLOCK_CAPTURE_AUTORELEASING = YES;
				CLANG_WARN_BOOL_CONVERSION = YES;
				CLANG_WARN_COMMA = YES;
				CLANG_WARN_CONSTANT_CONVERSION = YES;
				CLANG_WARN_DEPRECATED_OBJC_IMPLEMENTATIONS = YES;
				CLANG_WARN_DIRECT_OBJC_ISA_USAGE = YES_ERROR;
				CLANG_WARN_DOCUMENTATION_COMMENTS = YES;
				CLANG_WARN_EMPTY_BODY = YES;
				CLANG_WARN_ENUM_CONVERSION = YES;
				CLANG_WARN_INFINITE_RECURSION = YES;
				CLANG_WARN_INT_CONVERSION = YES;
				CLANG_WARN_NON_LITERAL_NULL_CONVERSION = YES;
				CLANG_WARN_OBJC_IMPLICIT_RETAIN_SELF = YES;
				CLANG_WARN_OBJC_LITERAL_CONVERSION = YES;
				CLANG_WARN_OBJC_ROOT_CLASS = YES_ERROR;
				CLANG_WARN_QUOTED_INCLUDE_IN_FRAMEWORK_HEADER = YES;
				CLANG_WARN_RANGE_LOOP_ANALYSIS = YES;
				CLANG_WARN_STRICT_PROTOTYPES = YES;
				CLANG_WARN_SUSPICIOUS_MOVE = YES;
				CLANG_WARN_UNGUARDED_AVAILABILITY = YES_AGGRESSIVE;
				CLANG_WARN_UNREACHABLE_CODE = YES;
				CLANG_WARN__DUPLICATE_METHOD_MATCH = YES;
				COPY_PHASE_STRIP = NO;
				DEBUG_INFORMATION_FORMAT = dwarf;
				ENABLE_STRICT_OBJC_MSGSEND = YES;
				ENABLE_TESTABILITY = YES;
				GCC_C_LANGUAGE_STANDARD = gnu11;
				GCC_DYNAMIC_NO_PIC = NO;
				GCC_NO_COMMON_BLOCKS = YES;
				GCC_OPTIMIZATION_LEVEL = 0;
				GCC_PREPROCESSOR_DEFINITIONS = (
					"DEBUG=1",
					"$(inherited)",
				);
				GCC_WARN_64_TO_32_BIT_CONVERSION = YES;
				GCC_WARN_ABOUT_RETURN_TYPE = YES_ERROR;
				GCC_WARN_UNDECLARED_SELECTOR = YES;
				GCC_WARN_UNINITIALIZED_AUTOS = YES_AGGRESSIVE;
				GCC_WARN_UNUSED_FUNCTION = YES;
				GCC_WARN_UNUSED_VARIABLE = YES;
				IPHONEOS_DEPLOYMENT_TARGET = 16.1;
				MTL_ENABLE_DEBUG_INFO = INCLUDE_SOURCE;
				MTL_FAST_MATH = YES;
				ONLY_ACTIVE_ARCH = YES;
				SDKROOT = iphoneos;
				SWIFT_ACTIVE_COMPILATION_CONDITIONS = DEBUG;
				SWIFT_OPTIMIZATION_LEVEL = "-Onone";
			};
			name = Debug;
		};
		4BE49AB32923F1DC00F61C01 /* Release */ = {
			isa = XCBuildConfiguration;
			buildSettings = {
				ALWAYS_SEARCH_USER_PATHS = NO;
				CLANG_ANALYZER_NONNULL = YES;
				CLANG_ANALYZER_NUMBER_OBJECT_CONVERSION = YES_AGGRESSIVE;
				CLANG_CXX_LANGUAGE_STANDARD = "gnu++20";
				CLANG_ENABLE_MODULES = YES;
				CLANG_ENABLE_OBJC_ARC = YES;
				CLANG_ENABLE_OBJC_WEAK = YES;
				CLANG_WARN_BLOCK_CAPTURE_AUTORELEASING = YES;
				CLANG_WARN_BOOL_CONVERSION = YES;
				CLANG_WARN_COMMA = YES;
				CLANG_WARN_CONSTANT_CONVERSION = YES;
				CLANG_WARN_DEPRECATED_OBJC_IMPLEMENTATIONS = YES;
				CLANG_WARN_DIRECT_OBJC_ISA_USAGE = YES_ERROR;
				CLANG_WARN_DOCUMENTATION_COMMENTS = YES;
				CLANG_WARN_EMPTY_BODY = YES;
				CLANG_WARN_ENUM_CONVERSION = YES;
				CLANG_WARN_INFINITE_RECURSION = YES;
				CLANG_WARN_INT_CONVERSION = YES;
				CLANG_WARN_NON_LITERAL_NULL_CONVERSION = YES;
				CLANG_WARN_OBJC_IMPLICIT_RETAIN_SELF = YES;
				CLANG_WARN_OBJC_LITERAL_CONVERSION = YES;
				CLANG_WARN_OBJC_ROOT_CLASS = YES_ERROR;
				CLANG_WARN_QUOTED_INCLUDE_IN_FRAMEWORK_HEADER = YES;
				CLANG_WARN_RANGE_LOOP_ANALYSIS = YES;
				CLANG_WARN_STRICT_PROTOTYPES = YES;
				CLANG_WARN_SUSPICIOUS_MOVE = YES;
				CLANG_WARN_UNGUARDED_AVAILABILITY = YES_AGGRESSIVE;
				CLANG_WARN_UNREACHABLE_CODE = YES;
				CLANG_WARN__DUPLICATE_METHOD_MATCH = YES;
				COPY_PHASE_STRIP = NO;
				DEBUG_INFORMATION_FORMAT = "dwarf-with-dsym";
				ENABLE_NS_ASSERTIONS = NO;
				ENABLE_STRICT_OBJC_MSGSEND = YES;
				GCC_C_LANGUAGE_STANDARD = gnu11;
				GCC_NO_COMMON_BLOCKS = YES;
				GCC_WARN_64_TO_32_BIT_CONVERSION = YES;
				GCC_WARN_ABOUT_RETURN_TYPE = YES_ERROR;
				GCC_WARN_UNDECLARED_SELECTOR = YES;
				GCC_WARN_UNINITIALIZED_AUTOS = YES_AGGRESSIVE;
				GCC_WARN_UNUSED_FUNCTION = YES;
				GCC_WARN_UNUSED_VARIABLE = YES;
				IPHONEOS_DEPLOYMENT_TARGET = 16.1;
				MTL_ENABLE_DEBUG_INFO = NO;
				MTL_FAST_MATH = YES;
				SDKROOT = iphoneos;
				SWIFT_COMPILATION_MODE = wholemodule;
				SWIFT_OPTIMIZATION_LEVEL = "-O";
				VALIDATE_PRODUCT = YES;
			};
			name = Release;
		};
		4BE49AB52923F1DC00F61C01 /* Debug */ = {
			isa = XCBuildConfiguration;
			buildSettings = {
				ASSETCATALOG_COMPILER_APPICON_NAME = AppIcon;
				ASSETCATALOG_COMPILER_GLOBAL_ACCENT_COLOR_NAME = AccentColor;
				CODE_SIGN_STYLE = Automatic;
				CURRENT_PROJECT_VERSION = 1;
				DEVELOPMENT_ASSET_PATHS = "\"Rawgar-SwiftUI/Preview Content\"";
				DEVELOPMENT_TEAM = 9G44XW2W74;
				ENABLE_PREVIEWS = YES;
				GENERATE_INFOPLIST_FILE = YES;
				INFOPLIST_FILE = "Rawgar-SwiftUI/Supporting Files/Info.plist";
				INFOPLIST_KEY_UIApplicationSceneManifest_Generation = YES;
				INFOPLIST_KEY_UIApplicationSupportsIndirectInputEvents = YES;
				INFOPLIST_KEY_UILaunchScreen_Generation = YES;
				INFOPLIST_KEY_UISupportedInterfaceOrientations_iPad = "UIInterfaceOrientationPortrait UIInterfaceOrientationPortraitUpsideDown UIInterfaceOrientationLandscapeLeft UIInterfaceOrientationLandscapeRight";
				INFOPLIST_KEY_UISupportedInterfaceOrientations_iPhone = "UIInterfaceOrientationPortrait UIInterfaceOrientationLandscapeLeft UIInterfaceOrientationLandscapeRight";
				LD_RUNPATH_SEARCH_PATHS = (
					"$(inherited)",
					"@executable_path/Frameworks",
				);
				MARKETING_VERSION = 1.0;
				PRODUCT_BUNDLE_IDENTIFIER = "com.reyhan-IOS.Rawgar-SwiftUI";
				PRODUCT_NAME = "$(TARGET_NAME)";
				SWIFT_EMIT_LOC_STRINGS = YES;
				SWIFT_VERSION = 5.0;
				TARGETED_DEVICE_FAMILY = "1,2";
			};
			name = Debug;
		};
		4BE49AB62923F1DC00F61C01 /* Release */ = {
			isa = XCBuildConfiguration;
			buildSettings = {
				ASSETCATALOG_COMPILER_APPICON_NAME = AppIcon;
				ASSETCATALOG_COMPILER_GLOBAL_ACCENT_COLOR_NAME = AccentColor;
				CODE_SIGN_STYLE = Automatic;
				CURRENT_PROJECT_VERSION = 1;
				DEVELOPMENT_ASSET_PATHS = "\"Rawgar-SwiftUI/Preview Content\"";
				DEVELOPMENT_TEAM = 9G44XW2W74;
				ENABLE_PREVIEWS = YES;
				GENERATE_INFOPLIST_FILE = YES;
				INFOPLIST_FILE = "Rawgar-SwiftUI/Supporting Files/Info.plist";
				INFOPLIST_KEY_UIApplicationSceneManifest_Generation = YES;
				INFOPLIST_KEY_UIApplicationSupportsIndirectInputEvents = YES;
				INFOPLIST_KEY_UILaunchScreen_Generation = YES;
				INFOPLIST_KEY_UISupportedInterfaceOrientations_iPad = "UIInterfaceOrientationPortrait UIInterfaceOrientationPortraitUpsideDown UIInterfaceOrientationLandscapeLeft UIInterfaceOrientationLandscapeRight";
				INFOPLIST_KEY_UISupportedInterfaceOrientations_iPhone = "UIInterfaceOrientationPortrait UIInterfaceOrientationLandscapeLeft UIInterfaceOrientationLandscapeRight";
				LD_RUNPATH_SEARCH_PATHS = (
					"$(inherited)",
					"@executable_path/Frameworks",
				);
				MARKETING_VERSION = 1.0;
				PRODUCT_BUNDLE_IDENTIFIER = "com.reyhan-IOS.Rawgar-SwiftUI";
				PRODUCT_NAME = "$(TARGET_NAME)";
				SWIFT_EMIT_LOC_STRINGS = YES;
				SWIFT_VERSION = 5.0;
				TARGETED_DEVICE_FAMILY = "1,2";
			};
			name = Release;
		};
/* End XCBuildConfiguration section */

/* Begin XCConfigurationList section */
		4BE49AA12923F1DA00F61C01 /* Build configuration list for PBXProject "Rawgar-SwiftUI" */ = {
			isa = XCConfigurationList;
			buildConfigurations = (
				4BE49AB22923F1DC00F61C01 /* Debug */,
				4BE49AB32923F1DC00F61C01 /* Release */,
			);
			defaultConfigurationIsVisible = 0;
			defaultConfigurationName = Release;
		};
		4BE49AB42923F1DC00F61C01 /* Build configuration list for PBXNativeTarget "Rawgar-SwiftUI" */ = {
			isa = XCConfigurationList;
			buildConfigurations = (
				4BE49AB52923F1DC00F61C01 /* Debug */,
				4BE49AB62923F1DC00F61C01 /* Release */,
			);
			defaultConfigurationIsVisible = 0;
			defaultConfigurationName = Release;
		};
/* End XCConfigurationList section */

/* Begin XCRemoteSwiftPackageReference section */
		4BE49AB92923F2D900F61C01 /* XCRemoteSwiftPackageReference "Alamofire" */ = {
			isa = XCRemoteSwiftPackageReference;
			repositoryURL = "https://github.com/Alamofire/Alamofire";
			requirement = {
				branch = master;
				kind = branch;
			};
		};
		4BE49ABC2923F35B00F61C01 /* XCRemoteSwiftPackageReference "realm-cocoa" */ = {
			isa = XCRemoteSwiftPackageReference;
			repositoryURL = "https://github.com/realm/realm-cocoa";
			requirement = {
				branch = master;
				kind = branch;
			};
		};
		4BE49AC12923F3DB00F61C01 /* XCRemoteSwiftPackageReference "SDWebImageSwiftUI" */ = {
			isa = XCRemoteSwiftPackageReference;
			repositoryURL = "https://github.com/SDWebImage/SDWebImageSwiftUI.git";
			requirement = {
				kind = upToNextMajorVersion;
				minimumVersion = 2.0.0;
			};
		};
/* End XCRemoteSwiftPackageReference section */

/* Begin XCSwiftPackageProductDependency section */
		4BE49ABA2923F2D900F61C01 /* Alamofire */ = {
			isa = XCSwiftPackageProductDependency;
			package = 4BE49AB92923F2D900F61C01 /* XCRemoteSwiftPackageReference "Alamofire" */;
			productName = Alamofire;
		};
		4BE49ABD2923F35B00F61C01 /* Realm */ = {
			isa = XCSwiftPackageProductDependency;
			package = 4BE49ABC2923F35B00F61C01 /* XCRemoteSwiftPackageReference "realm-cocoa" */;
			productName = Realm;
		};
		4BE49ABF2923F35B00F61C01 /* RealmSwift */ = {
			isa = XCSwiftPackageProductDependency;
			package = 4BE49ABC2923F35B00F61C01 /* XCRemoteSwiftPackageReference "realm-cocoa" */;
			productName = RealmSwift;
		};
		4BE49AC22923F3DB00F61C01 /* SDWebImageSwiftUI */ = {
			isa = XCSwiftPackageProductDependency;
			package = 4BE49AC12923F3DB00F61C01 /* XCRemoteSwiftPackageReference "SDWebImageSwiftUI" */;
			productName = SDWebImageSwiftUI;
		};
/* End XCSwiftPackageProductDependency section */
	};
	rootObject = 4BE49A9E2923F1DA00F61C01 /* Project object */;
}
